
Microsoft Visual Studio Solution File, Format Version 12.00
# Visual Studio Version 16
VisualStudioVersion = 16.0.30804.86
MinimumVisualStudioVersion = 10.0.40219.1
Project("{FAE04EC0-301F-11D3-BF4B-00C04F79EFBC}") = "MainFrame", "MainFrame\MainFrame.csproj", "{E8BC124E-51FC-4945-9C6A-8B0D301A4842}"
EndProject
Global
	GlobalSection(SolutionConfigurationPlatforms) = preSolution
		Debug|Any CPU = Debug|Any CPU
		Release|Any CPU = Release|Any CPU
	EndGlobalSection
	GlobalSection(ProjectConfigurationPlatforms) = postSolution
		{E8BC124E-51FC-4945-9C6A-8B0D301A4842}.Debug|Any CPU.ActiveCfg = Debug|Any CPU
		{E8BC124E-51FC-4945-9C6A-8B0D301A4842}.Debug|Any CPU.Build.0 = Debug|Any CPU
		{E8BC124E-51FC-4945-9C6A-8B0D301A4842}.Release|Any CPU.ActiveCfg = Release|Any CPU
		{E8BC124E-51FC-4945-9C6A-8B0D301A4842}.Release|Any CPU.Build.0 = Release|Any CPU
	EndGlobalSection
	GlobalSection(SolutionProperties) = preSolution
		HideSolutionNode = FALSE
	EndGlobalSection
	GlobalSection(ExtensibilityGlobals) = postSolution
		SolutionGuid = {29BED12C-CE98-40AF-B77A-CF4131836D37}
	EndGlobalSection
EndGlobal
